{
  "name": "c",
  "version": "1.0.0",
  "lockfileVersion": 1,
  "requires": true,
  "dependencies": {
    "colors": {
      "version": "1.4.0",
      "resolved": "https://registry.npmjs.org/colors/-/colors-1.4.0.tgz",
      "integrity": "sha512-a+UqTh4kgZg/SlGvfbzDHpgRu7AAQOmmqRHJnxhRZICKFUT91brVhNNt58CMWU9PsBbv3PDCZUHbVxuDiH2mtA=="
    },
    "true-case-path": {
      "version": "2.2.1",
      "resolved": "https://registry.npmjs.org/true-case-path/-/true-case-path-2.2.1.tgz",
      "integrity": "sha512-0z3j8R7MCjy10kc/g+qg7Ln3alJTodw9aDuVWZa3uiWqfuBMKeAeP2ocWcxoyM3D73yz3Jt/Pu4qPr4wHSdB/Q=="
    }
  }
}
